// !$*UTF8*$!
{
	archiveVersion = 1;
	classes = {
	};
	objectVersion = 46;
	objects = {

/* Begin PBXBuildFile section */
		0A6FCFF81F1A169D00D0E149 /* AppDelegate.swift in Sources */ = {isa = PBXBuildFile; fileRef = 0A6FCFE91F1A169D00D0E149 /* AppDelegate.swift */; };
		0A6FCFF91F1A169D00D0E149 /* Assets.xcassets in Resources */ = {isa = PBXBuildFile; fileRef = 0A6FCFEA1F1A169D00D0E149 /* Assets.xcassets */; };
		0A6FCFFA1F1A169D00D0E149 /* LaunchScreen.storyboard in Resources */ = {isa = PBXBuildFile; fileRef = 0A6FCFEB1F1A169D00D0E149 /* LaunchScreen.storyboard */; };
		0A6FCFFB1F1A169D00D0E149 /* Main.storyboard in Resources */ = {isa = PBXBuildFile; fileRef = 0A6FCFED1F1A169D00D0E149 /* Main.storyboard */; };
		0A6FCFFC1F1A169D00D0E149 /* KContentView.swift in Sources */ = {isa = PBXBuildFile; fileRef = 0A6FCFF01F1A169D00D0E149 /* KContentView.swift */; };
		0A6FCFFD1F1A169D00D0E149 /* KPageStyle.swift in Sources */ = {isa = PBXBuildFile; fileRef = 0A6FCFF11F1A169D00D0E149 /* KPageStyle.swift */; };
		0A6FCFFE1F1A169D00D0E149 /* KPageView.swift in Sources */ = {isa = PBXBuildFile; fileRef = 0A6FCFF21F1A169D00D0E149 /* KPageView.swift */; };
		0A6FCFFF1F1A169D00D0E149 /* KPageViewLayout.swift in Sources */ = {isa = PBXBuildFile; fileRef = 0A6FCFF31F1A169D00D0E149 /* KPageViewLayout.swift */; };
		0A6FD0001F1A169D00D0E149 /* KTitleView.swift in Sources */ = {isa = PBXBuildFile; fileRef = 0A6FCFF41F1A169D00D0E149 /* KTitleView.swift */; };
		0A6FD0011F1A169D00D0E149 /* Info.plist in Resources */ = {isa = PBXBuildFile; fileRef = 0A6FCFF51F1A169D00D0E149 /* Info.plist */; };
		0A6FD0021F1A169D00D0E149 /* UIColor-Extension.swift in Sources */ = {isa = PBXBuildFile; fileRef = 0A6FCFF61F1A169D00D0E149 /* UIColor-Extension.swift */; };
		0A6FD0031F1A169D00D0E149 /* ViewController.swift in Sources */ = {isa = PBXBuildFile; fileRef = 0A6FCFF71F1A169D00D0E149 /* ViewController.swift */; };
/* End PBXBuildFile section */

/* Begin PBXFileReference section */
		0A6FCFE91F1A169D00D0E149 /* AppDelegate.swift */ = {isa = PBXFileReference; fileEncoding = 4; lastKnownFileType = sourcecode.swift; path = AppDelegate.swift; sourceTree = "<group>"; };
		0A6FCFEA1F1A169D00D0E149 /* Assets.xcassets */ = {isa = PBXFileReference; lastKnownFileType = folder.assetcatalog; path = Assets.xcassets; sourceTree = "<group>"; };
		0A6FCFEC1F1A169D00D0E149 /* Base */ = {isa = PBXFileReference; lastKnownFileType = file.storyboard; name = Base; path = Base.lproj/LaunchScreen.storyboard; sourceTree = "<group>"; };
		0A6FCFEE1F1A169D00D0E149 /* Base */ = {isa = PBXFileReference; lastKnownFileType = file.storyboard; name = Base; path = Base.lproj/Main.storyboard; sourceTree = "<group>"; };
		0A6FCFF01F1A169D00D0E149 /* KContentView.swift */ = {isa = PBXFileReference; fileEncoding = 4; lastKnownFileType = sourcecode.swift; path = KContentView.swift; sourceTree = "<group>"; };
		0A6FCFF11F1A169D00D0E149 /* KPageStyle.swift */ = {isa = PBXFileReference; fileEncoding = 4; lastKnownFileType = sourcecode.swift; path = KPageStyle.swift; sourceTree = "<group>"; };
		0A6FCFF21F1A169D00D0E149 /* KPageView.swift */ = {isa = PBXFileReference; fileEncoding = 4; lastKnownFileType = sourcecode.swift; path = KPageView.swift; sourceTree = "<group>"; };
		0A6FCFF31F1A169D00D0E149 /* KPageViewLayout.swift */ = {isa = PBXFileReference; fileEncoding = 4; lastKnownFileType = sourcecode.swift; path = KPageViewLayout.swift; sourceTree = "<group>"; };
		0A6FCFF41F1A169D00D0E149 /* KTitleView.swift */ = {isa = PBXFileReference; fileEncoding = 4; lastKnownFileType = sourcecode.swift; path = KTitleView.swift; sourceTree = "<group>"; };
		0A6FCFF51F1A169D00D0E149 /* Info.plist */ = {isa = PBXFileReference; fileEncoding = 4; lastKnownFileType = text.plist.xml; path = Info.plist; sourceTree = "<group>"; };
		0A6FCFF61F1A169D00D0E149 /* UIColor-Extension.swift */ = {isa = PBXFileReference; fileEncoding = 4; lastKnownFileType = sourcecode.swift; path = "UIColor-Extension.swift"; sourceTree = "<group>"; };
		0A6FCFF71F1A169D00D0E149 /* ViewController.swift */ = {isa = PBXFileReference; fileEncoding = 4; lastKnownFileType = sourcecode.swift; path = ViewController.swift; sourceTree = "<group>"; };
		8A35CC6F1E98B46F00AEE434 /* KPageView.app */ = {isa = PBXFileReference; explicitFileType = wrapper.application; includeInIndex = 0; path = KPageView.app; sourceTree = BUILT_PRODUCTS_DIR; };
/* End PBXFileReference section */

/* Begin PBXFrameworksBuildPhase section */
		8A35CC6C1E98B46F00AEE434 /* Frameworks */ = {
			isa = PBXFrameworksBuildPhase;
			buildActionMask = 2147483647;
			files = (
			);
			runOnlyForDeploymentPostprocessing = 0;
		};
/* End PBXFrameworksBuildPhase section */

/* Begin PBXGroup section */
		0A6FCFE81F1A169D00D0E149 /* KPageView */ = {
			isa = PBXGroup;
			children = (
				0A6FCFE91F1A169D00D0E149 /* AppDelegate.swift */,
				0A6FCFEA1F1A169D00D0E149 /* Assets.xcassets */,
				0A6FCFEB1F1A169D00D0E149 /* LaunchScreen.storyboard */,
				0A6FCFED1F1A169D00D0E149 /* Main.storyboard */,
				0A6FCFEF1F1A169D00D0E149 /* HYPageView */,
				0A6FCFF51F1A169D00D0E149 /* Info.plist */,
				0A6FCFF61F1A169D00D0E149 /* UIColor-Extension.swift */,
				0A6FCFF71F1A169D00D0E149 /* ViewController.swift */,
			);
			path = KPageView;
			sourceTree = "<group>";
		};
		0A6FCFEF1F1A169D00D0E149 /* HYPageView */ = {
			isa = PBXGroup;
			children = (
				0A6FCFF01F1A169D00D0E149 /* KContentView.swift */,
				0A6FCFF11F1A169D00D0E149 /* KPageStyle.swift */,
				0A6FCFF21F1A169D00D0E149 /* KPageView.swift */,
				0A6FCFF31F1A169D00D0E149 /* KPageViewLayout.swift */,
				0A6FCFF41F1A169D00D0E149 /* KTitleView.swift */,
			);
			path = HYPageView;
			sourceTree = "<group>";
		};
		8A35CC661E98B46F00AEE434 = {
			isa = PBXGroup;
			children = (
				0A6FCFE81F1A169D00D0E149 /* KPageView */,
				8A35CC701E98B46F00AEE434 /* Products */,
			);
			sourceTree = "<group>";
		};
		8A35CC701E98B46F00AEE434 /* Products */ = {
			isa = PBXGroup;
			children = (
				8A35CC6F1E98B46F00AEE434 /* KPageView.app */,
			);
			name = Products;
			sourceTree = "<group>";
		};
/* End PBXGroup section */

/* Begin PBXNativeTarget section */
		8A35CC6E1E98B46F00AEE434 /* KPageView */ = {
			isa = PBXNativeTarget;
			buildConfigurationList = 8A35CC811E98B46F00AEE434 /* Build configuration list for PBXNativeTarget "KPageView" */;
			buildPhases = (
				8A35CC6B1E98B46F00AEE434 /* Sources */,
				8A35CC6C1E98B46F00AEE434 /* Frameworks */,
				8A35CC6D1E98B46F00AEE434 /* Resources */,
			);
			buildRules = (
			);
			dependencies = (
			);
			name = KPageView;
			productName = HYPageView;
			productReference = 8A35CC6F1E98B46F00AEE434 /* KPageView.app */;
			productType = "com.apple.product-type.application";
		};
/* End PBXNativeTarget section */

/* Begin PBXProject section */
		8A35CC671E98B46F00AEE434 /* Project object */ = {
			isa = PBXProject;
			attributes = {
				LastSwiftUpdateCheck = 0820;
				LastUpgradeCheck = 0820;
				ORGANIZATIONNAME = seemygo;
				TargetAttributes = {
					8A35CC6E1E98B46F00AEE434 = {
						CreatedOnToolsVersion = 8.2.1;
						ProvisioningStyle = Automatic;
					};
				};
			};
			buildConfigurationList = 8A35CC6A1E98B46F00AEE434 /* Build configuration list for PBXProject "KPageView" */;
			compatibilityVersion = "Xcode 3.2";
			developmentRegion = English;
			hasScannedForEncodings = 0;
			knownRegions = (
				en,
				Base,
			);
			mainGroup = 8A35CC661E98B46F00AEE434;
			productRefGroup = 8A35CC701E98B46F00AEE434 /* Products */;
			projectDirPath = "";
			projectRoot = "";
			targets = (
				8A35CC6E1E98B46F00AEE434 /* KPageView */,
			);
		};
/* End PBXProject section */

/* Begin PBXResourcesBuildPhase section */
		8A35CC6D1E98B46F00AEE434 /* Resources */ = {
			isa = PBXResourcesBuildPhase;
			buildActionMask = 2147483647;
			files = (
				0A6FD0011F1A169D00D0E149 /* Info.plist in Resources */,
				0A6FCFFB1F1A169D00D0E149 /* Main.storyboard in Resources */,
				0A6FCFF91F1A169D00D0E149 /* Assets.xcassets in Resources */,
				0A6FCFFA1F1A169D00D0E149 /* LaunchScreen.storyboard in Resources */,
			);
			runOnlyForDeploymentPostprocessing = 0;
		};
/* End PBXResourcesBuildPhase section */

/* Begin PBXSourcesBuildPhase section */
		8A35CC6B1E98B46F00AEE434 /* Sources */ = {
			isa = PBXSourcesBuildPhase;
			buildActionMask = 2147483647;
			files = (
				0A6FCFFC1F1A169D00D0E149 /* KContentView.swift in Sources */,
				0A6FCFFF1F1A169D00D0E149 /* KPageViewLayout.swift in Sources */,
				0A6FCFFE1F1A169D00D0E149 /* KPageView.swift in Sources */,
				0A6FCFF81F1A169D00D0E149 /* AppDelegate.swift in Sources */,
				0A6FCFFD1F1A169D00D0E149 /* KPageStyle.swift in Sources */,
				0A6FD0021F1A169D00D0E149 /* UIColor-Extension.swift in Sources */,
				0A6FD0031F1A169D00D0E149 /* ViewController.swift in Sources */,
				0A6FD0001F1A169D00D0E149 /* KTitleView.swift in Sources */,
			);
			runOnlyForDeploymentPostprocessing = 0;
		};
/* End PBXSourcesBuildPhase section */

/* Begin PBXVariantGroup section */
		0A6FCFEB1F1A169D00D0E149 /* LaunchScreen.storyboard */ = {
			isa = PBXVariantGroup;
			children = (
				0A6FCFEC1F1A169D00D0E149 /* Base */,
			);
			name = LaunchScreen.storyboard;
			sourceTree = "<group>";
		};
		0A6FCFED1F1A169D00D0E149 /* Main.storyboard */ = {
			isa = PBXVariantGroup;
			children = (
				0A6FCFEE1F1A169D00D0E149 /* Base */,
			);
			name = Main.storyboard;
			sourceTree = "<group>";
		};
/* End PBXVariantGroup section */

/* Begin XCBuildConfiguration section */
		8A35CC7F1E98B46F00AEE434 /* Debug */ = {
			isa = XCBuildConfiguration;
			buildSettings = {
				ALWAYS_SEARCH_USER_PATHS = NO;
				CLANG_ANALYZER_NONNULL = YES;
				CLANG_CXX_LANGUAGE_STANDARD = "gnu++0x";
				CLANG_CXX_LIBRARY = "libc++";
				CLANG_ENABLE_MODULES = YES;
				CLANG_ENABLE_OBJC_ARC = YES;
				CLANG_WARN_BOOL_CONVERSION = YES;
				CLANG_WARN_CONSTANT_CONVERSION = YES;
				CLANG_WARN_DIRECT_OBJC_ISA_USAGE = YES_ERROR;
				CLANG_WARN_DOCUMENTATION_COMMENTS = YES;
				CLANG_WARN_EMPTY_BODY = YES;
				CLANG_WARN_ENUM_CONVERSION = YES;
				CLANG_WARN_INFINITE_RECURSION = YES;
				CLANG_WARN_INT_CONVERSION = YES;
				CLANG_WARN_OBJC_ROOT_CLASS = YES_ERROR;
				CLANG_WARN_SUSPICIOUS_MOVE = YES;
				CLANG_WARN_UNREACHABLE_CODE = YES;
				CLANG_WARN__DUPLICATE_METHOD_MATCH = YES;
				"CODE_SIGN_IDENTITY[sdk=iphoneos*]" = "iPhone Developer";
				COPY_PHASE_STRIP = NO;
				DEBUG_INFORMATION_FORMAT = dwarf;
				ENABLE_STRICT_OBJC_MSGSEND = YES;
				ENABLE_TESTABILITY = YES;
				GCC_C_LANGUAGE_STANDARD = gnu99;
				GCC_DYNAMIC_NO_PIC = NO;
				GCC_NO_COMMON_BLOCKS = YES;
				GCC_OPTIMIZATION_LEVEL = 0;
				GCC_PREPROCESSOR_DEFINITIONS = (
					"DEBUG=1",
					"$(inherited)",
				);
				GCC_WARN_64_TO_32_BIT_CONVERSION = YES;
				GCC_WARN_ABOUT_RETURN_TYPE = YES_ERROR;
				GCC_WARN_UNDECLARED_SELECTOR = YES;
				GCC_WARN_UNINITIALIZED_AUTOS = YES_AGGRESSIVE;
				GCC_WARN_UNUSED_FUNCTION = YES;
				GCC_WARN_UNUSED_VARIABLE = YES;
				IPHONEOS_DEPLOYMENT_TARGET = 10.2;
				MTL_ENABLE_DEBUG_INFO = YES;
				ONLY_ACTIVE_ARCH = YES;
				SDKROOT = iphoneos;
				SWIFT_ACTIVE_COMPILATION_CONDITIONS = DEBUG;
				SWIFT_OPTIMIZATION_LEVEL = "-Onone";
			};
			name = Debug;
		};
		8A35CC801E98B46F00AEE434 /* Release */ = {
			isa = XCBuildConfiguration;
			buildSettings = {
				ALWAYS_SEARCH_USER_PATHS = NO;
				CLANG_ANALYZER_NONNULL = YES;
				CLANG_CXX_LANGUAGE_STANDARD = "gnu++0x";
				CLANG_CXX_LIBRARY = "libc++";
				CLANG_ENABLE_MODULES = YES;
				CLANG_ENABLE_OBJC_ARC = YES;
				CLANG_WARN_BOOL_CONVERSION = YES;
				CLANG_WARN_CONSTANT_CONVERSION = YES;
				CLANG_WARN_DIRECT_OBJC_ISA_USAGE = YES_ERROR;
				CLANG_WARN_DOCUMENTATION_COMMENTS = YES;
				CLANG_WARN_EMPTY_BODY = YES;
				CLANG_WARN_ENUM_CONVERSION = YES;
				CLANG_WARN_INFINITE_RECURSION = YES;
				CLANG_WARN_INT_CONVERSION = YES;
				CLANG_WARN_OBJC_ROOT_CLASS = YES_ERROR;
				CLANG_WARN_SUSPICIOUS_MOVE = YES;
				CLANG_WARN_UNREACHABLE_CODE = YES;
				CLANG_WARN__DUPLICATE_METHOD_MATCH = YES;
				"CODE_SIGN_IDENTITY[sdk=iphoneos*]" = "iPhone Developer";
				COPY_PHASE_STRIP = NO;
				DEBUG_INFORMATION_FORMAT = "dwarf-with-dsym";
				ENABLE_NS_ASSERTIONS = NO;
				ENABLE_STRICT_OBJC_MSGSEND = YES;
				GCC_C_LANGUAGE_STANDARD = gnu99;
				GCC_NO_COMMON_BLOCKS = YES;
				GCC_WARN_64_TO_32_BIT_CONVERSION = YES;
				GCC_WARN_ABOUT_RETURN_TYPE = YES_ERROR;
				GCC_WARN_UNDECLARED_SELECTOR = YES;
				GCC_WARN_UNINITIALIZED_AUTOS = YES_AGGRESSIVE;
				GCC_WARN_UNUSED_FUNCTION = YES;
				GCC_WARN_UNUSED_VARIABLE = YES;
				IPHONEOS_DEPLOYMENT_TARGET = 10.2;
				MTL_ENABLE_DEBUG_INFO = NO;
				SDKROOT = iphoneos;
				SWIFT_OPTIMIZATION_LEVEL = "-Owholemodule";
				VALIDATE_PRODUCT = YES;
			};
			name = Release;
		};
		8A35CC821E98B46F00AEE434 /* Debug */ = {
			isa = XCBuildConfiguration;
			buildSettings = {
				ASSETCATALOG_COMPILER_APPICON_NAME = AppIcon;
				INFOPLIST_FILE = KPageView/Info.plist;
				IPHONEOS_DEPLOYMENT_TARGET = 8.0;
				LD_RUNPATH_SEARCH_PATHS = "$(inherited) @executable_path/Frameworks";
				PRODUCT_BUNDLE_IDENTIFIER = "com.kratos.-";
				PRODUCT_NAME = "$(TARGET_NAME)";
				SWIFT_VERSION = 3.0;
			};
			name = Debug;
		};
		8A35CC831E98B46F00AEE434 /* Release */ = {
			isa = XCBuildConfiguration;
			buildSettings = {
				ASSETCATALOG_COMPILER_APPICON_NAME = AppIcon;
				INFOPLIST_FILE = KPageView/Info.plist;
				IPHONEOS_DEPLOYMENT_TARGET = 8.0;
				LD_RUNPATH_SEARCH_PATHS = "$(inherited) @executable_path/Frameworks";
				PRODUCT_BUNDLE_IDENTIFIER = "com.kratos.-";
				PRODUCT_NAME = "$(TARGET_NAME)";
				SWIFT_VERSION = 3.0;
			};
			name = Release;
		};
/* End XCBuildConfiguration section */

/* Begin XCConfigurationList section */
		8A35CC6A1E98B46F00AEE434 /* Build configuration list for PBXProject "KPageView" */ = {
			isa = XCConfigurationList;
			buildConfigurations = (
				8A35CC7F1E98B46F00AEE434 /* Debug */,
				8A35CC801E98B46F00AEE434 /* Release */,
			);
			defaultConfigurationIsVisible = 0;
			defaultConfigurationName = Release;
		};
		8A35CC811E98B46F00AEE434 /* Build configuration list for PBXNativeTarget "KPageView" */ = {
			isa = XCConfigurationList;
			buildConfigurations = (
				8A35CC821E98B46F00AEE434 /* Debug */,
				8A35CC831E98B46F00AEE434 /* Release */,
			);
			defaultConfigurationIsVisible = 0;
			defaultConfigurationName = Release;
		};
/* End XCConfigurationList section */
	};
	rootObject = 8A35CC671E98B46F00AEE434 /* Project object */;
}
